<?xml version="1.0" encoding="utf-8"?>
<Project ToolsVersion="4.0" xmlns="http://schemas.microsoft.com/developer/msbuild/2003">
  <ItemGroup>
    <Filter Include="소스 파일">
      <UniqueIdentifier>{4FC737F1-C7A5-4376-A066-2A32D752A2FF}</UniqueIdentifier>
      <Extensions>cpp;c;cc;cxx;c++;cppm;ixx;def;odl;idl;hpj;bat;asm;asmx</Extensions>
    </Filter>
    <Filter Include="헤더 파일">
      <UniqueIdentifier>{93995380-89BD-4b04-88EB-625FBE52EBFB}</UniqueIdentifier>
      <Extensions>h;hh;hpp;hxx;h++;hm;inl;inc;ipp;xsd</Extensions>
    </Filter>
    <Filter Include="리소스 파일">
      <UniqueIdentifier>{67DA6AB6-F800-4c08-8B7A-83BB121AAD01}</UniqueIdentifier>
      <Extensions>rc;ico;cur;bmp;dlg;rc2;rct;bin;rgs;gif;jpg;jpeg;jpe;resx;tiff;tif;png;wav;mfcribbon-ms</Extensions>
    </Filter>
  </ItemGroup>
  <ItemGroup>
    <ClCompile Include="Server.cpp">
      <Filter>소스 파일</Filter>
    </ClCompile>
    <ClCompile Include="Session\TcpAcceptor.cpp">
      <Filter>소스 파일</Filter>
    </ClCompile>
    <ClCompile Include="Session\User\UserSession.cpp">
      <Filter>소스 파일</Filter>
    </ClCompile>
    <ClCompile Include="Session\IoContextPool.cpp">
      <Filter>소스 파일</Filter>
    </ClCompile>
    <ClCompile Include="Session\User\GameCommandDispatcher.cpp">
      <Filter>소스 파일</Filter>
    </ClCompile>
    <ClCompile Include="Session\Manager\UserSessionShardManager.cpp">
      <Filter>소스 파일</Filter>
    </ClCompile>
    <ClCompile Include="World\Monster\MonsterCommandQueue.cpp">
      <Filter>소스 파일</Filter>
    </ClCompile>
    <ClCompile Include="World\Monster\MonsterObject.cpp">
      <Filter>소스 파일</Filter>
    </ClCompile>
    <ClCompile Include="WorldServer.cpp">
      <Filter>소스 파일</Filter>
    </ClCompile>
    <ClCompile Include="World\Monster\MonsterThreadPool.cpp">
      <Filter>소스 파일</Filter>
    </ClCompile>
    <ClCompile Include="DTO\message.pb.cc">
      <Filter>소스 파일</Filter>
    </ClCompile>
    <ClCompile Include="Session\Accessor\PacketSender.cpp">
      <Filter>소스 파일</Filter>
    </ClCompile>
    <ClCompile Include="Session\Accessor\PacketReceiver.cpp">
      <Filter>소스 파일</Filter>
    </ClCompile>
    <ClCompile Include="Thread\TickSchedulerManager.cpp">
      <Filter>소스 파일</Filter>
    </ClCompile>
    <ClCompile Include="World\Zone\ZoneController.cpp">
      <Filter>소스 파일</Filter>
    </ClCompile>
    <ClCompile Include="World\User\ZoneUserManager.cpp">
      <Filter>소스 파일</Filter>
    </ClCompile>
    <ClCompile Include="World\Zone\ZoneManager.cpp">
      <Filter>소스 파일</Filter>
    </ClCompile>
    <ClCompile Include="MessageQueue\MessageQueueProcessor.cpp">
      <Filter>소스 파일</Filter>
    </ClCompile>
  </ItemGroup>
  <ItemGroup>
    <ClInclude Include="Session\TcpAcceptor.h">
      <Filter>헤더 파일</Filter>
    </ClInclude>
    <ClInclude Include="Session\User\UserSession.h">
      <Filter>헤더 파일</Filter>
    </ClInclude>
    <ClInclude Include="Session\Manager\UserSessionShardManager.h">
      <Filter>헤더 파일</Filter>
    </ClInclude>
    <ClInclude Include="Session\IoContextPool.h">
      <Filter>헤더 파일</Filter>
    </ClInclude>
    <ClInclude Include="World\Monster\MonsterCommandQueue.h">
      <Filter>헤더 파일</Filter>
    </ClInclude>
    <ClInclude Include="World\Monster\MonsterObject.h">
      <Filter>헤더 파일</Filter>
    </ClInclude>
    <ClInclude Include="World\Monster\MonsterThreadPool.h">
      <Filter>헤더 파일</Filter>
    </ClInclude>
    <ClInclude Include="Session\User\GameCommandDispatcher.h">
      <Filter>헤더 파일</Filter>
    </ClInclude>
    <ClInclude Include="WorldServer.h">
      <Filter>헤더 파일</Filter>
    </ClInclude>
    <ClInclude Include="DTO\message.pb.h">
      <Filter>헤더 파일</Filter>
    </ClInclude>
    <ClInclude Include="Session\Accessor\PacketSender.h">
      <Filter>헤더 파일</Filter>
    </ClInclude>
    <ClInclude Include="Session\Accessor\PacketReceiver.h">
      <Filter>헤더 파일</Filter>
    </ClInclude>
    <ClInclude Include="Thread\TickSchedulerManager.h">
      <Filter>헤더 파일</Filter>
    </ClInclude>
    <ClInclude Include="World\Zone\ZoneController.h">
      <Filter>헤더 파일</Filter>
    </ClInclude>
    <ClInclude Include="World\User\ZoneUserManager.h">
      <Filter>헤더 파일</Filter>
    </ClInclude>
    <ClInclude Include="World\Zone\ZoneManager.h">
      <Filter>헤더 파일</Filter>
    </ClInclude>
    <ClInclude Include="MessageQueue\MessageQueueProcessor.h">
      <Filter>헤더 파일</Filter>
    </ClInclude>
    <ClInclude Include="Model\IInternalMessage.h">
      <Filter>헤더 파일</Filter>
    </ClInclude>
  </ItemGroup>
</Project>